
Microsoft Visual Studio Solution File, Format Version 12.00
# Visual Studio Version 16
VisualStudioVersion = 16.0.30204.135
MinimumVisualStudioVersion = 10.0.40219.1
Project("{FAE04EC0-301F-11D3-BF4B-00C04F79EFBC}") = "SegundoParcial", "SegundoParcial.csproj", "{C303B79A-DD90-4027-BE19-4025CD4D92E2}"
EndProject
Global
	GlobalSection(SolutionConfigurationPlatforms) = preSolution
		Debug|Any CPU = Debug|Any CPU
		Release|Any CPU = Release|Any CPU
	EndGlobalSection
	GlobalSection(ProjectConfigurationPlatforms) = postSolution
		{C303B79A-DD90-4027-BE19-4025CD4D92E2}.Debug|Any CPU.ActiveCfg = Debug|Any CPU
		{C303B79A-DD90-4027-BE19-4025CD4D92E2}.Debug|Any CPU.Build.0 = Debug|Any CPU
		{C303B79A-DD90-4027-BE19-4025CD4D92E2}.Release|Any CPU.ActiveCfg = Release|Any CPU
		{C303B79A-DD90-4027-BE19-4025CD4D92E2}.Release|Any CPU.Build.0 = Release|Any CPU
	EndGlobalSection
	GlobalSection(SolutionProperties) = preSolution
		HideSolutionNode = FALSE
	EndGlobalSection
	GlobalSection(ExtensibilityGlobals) = postSolution
		SolutionGuid = {4690E247-7C2E-42B4-B4BA-D4A3792A250E}
	EndGlobalSection
EndGlobal
